{
  "requires": true,
  "lockfileVersion": 1,
  "dependencies": {
    "angular-material": {
      "version": "1.1.4",
      "resolved": "https://registry.npmjs.org/angular-material/-/angular-material-1.1.4.tgz",
      "integrity": "sha1-J941ZG9UzNMgCArwxwjhtDivh/Y="
    },
    "angular-material-time-picker": {
      "version": "1.0.7",
      "resolved": "https://registry.npmjs.org/angular-material-time-picker/-/angular-material-time-picker-1.0.7.tgz",
      "integrity": "sha1-26lwmvSxTvMYY6unySy201gAEWg="
    }
  }
}
